
Microsoft Visual Studio Solution File, Format Version 12.00
# Visual Studio 15
VisualStudioVersion = 15.0.27130.2027
MinimumVisualStudioVersion = 10.0.40219.1
Project("{FAE04EC0-301F-11D3-BF4B-00C04F79EFBC}") = "FirstVS17CoreApp", "FirstVS17CoreApp\FirstVS17CoreApp.csproj", "{3293C8C2-9574-469B-B0B7-5522468A775D}"
EndProject
Global
	GlobalSection(SolutionConfigurationPlatforms) = preSolution
		Debug|Any CPU = Debug|Any CPU
		Release|Any CPU = Release|Any CPU
	EndGlobalSection
	GlobalSection(ProjectConfigurationPlatforms) = postSolution
		{3293C8C2-9574-469B-B0B7-5522468A775D}.Debug|Any CPU.ActiveCfg = Debug|Any CPU
		{3293C8C2-9574-469B-B0B7-5522468A775D}.Debug|Any CPU.Build.0 = Debug|Any CPU
		{3293C8C2-9574-469B-B0B7-5522468A775D}.Release|Any CPU.ActiveCfg = Release|Any CPU
		{3293C8C2-9574-469B-B0B7-5522468A775D}.Release|Any CPU.Build.0 = Release|Any CPU
	EndGlobalSection
	GlobalSection(SolutionProperties) = preSolution
		HideSolutionNode = FALSE
	EndGlobalSection
	GlobalSection(ExtensibilityGlobals) = postSolution
		SolutionGuid = {1F709A22-4F42-4DF4-93C2-516A5C29F9BE}
	EndGlobalSection
EndGlobal
